
Microsoft Visual Studio Solution File, Format Version 12.00
# Visual Studio Version 16
VisualStudioVersion = 16.0.31005.135
MinimumVisualStudioVersion = 10.0.40219.1
Project("{FAE04EC0-301F-11D3-BF4B-00C04F79EFBC}") = "HomeAccountant_MicrosTestProject", "HomeAccountant_MicrosTestProject\HomeAccountant_MicrosTestProject.csproj", "{A819C9AC-DD95-4F59-A9D2-A45E10325F37}"
EndProject
Global
	GlobalSection(SolutionConfigurationPlatforms) = preSolution
		Debug|Any CPU = Debug|Any CPU
		Release|Any CPU = Release|Any CPU
	EndGlobalSection
	GlobalSection(ProjectConfigurationPlatforms) = postSolution
		{A819C9AC-DD95-4F59-A9D2-A45E10325F37}.Debug|Any CPU.ActiveCfg = Debug|Any CPU
		{A819C9AC-DD95-4F59-A9D2-A45E10325F37}.Debug|Any CPU.Build.0 = Debug|Any CPU
		{A819C9AC-DD95-4F59-A9D2-A45E10325F37}.Release|Any CPU.ActiveCfg = Release|Any CPU
		{A819C9AC-DD95-4F59-A9D2-A45E10325F37}.Release|Any CPU.Build.0 = Release|Any CPU
	EndGlobalSection
	GlobalSection(SolutionProperties) = preSolution
		HideSolutionNode = FALSE
	EndGlobalSection
	GlobalSection(ExtensibilityGlobals) = postSolution
		SolutionGuid = {19B626BA-400F-4F33-8666-C9847A606E0A}
	EndGlobalSection
EndGlobal
